PODS:
  - Flutter (1.0.0)
  - ios_to_flutter (0.0.1):
    - Flutter

DEPENDENCIES:
  - Flutter (from `Flutter`)
  - ios_to_flutter (from `.symlinks/plugins/ios_to_flutter/ios`)

EXTERNAL SOURCES:
  Flutter:
    :path: Flutter
  ios_to_flutter:
    :path: ".symlinks/plugins/ios_to_flutter/ios"

SPEC CHECKSUMS:
  Flutter: 50d75fe2f02b26cc09d224853bb45737f8b3214a
  ios_to_flutter: cc121a52327c4f5fc21a0849c596a16d523acb09

PODFILE CHECKSUM: aafe91acc616949ddb318b77800a7f51bffa2a4c

COCOAPODS: 1.11.3
