PODS:
  - MyCocoapodsLibrary (0.1.0)
  - Swinject (2.7.1)
  - SwinjectStoryboard (2.2.2):
    - Swinject (~> 2.7.1)

DEPENDENCIES:
  - MyCocoapodsLibrary (from `../MyCocoapodsLibrary`)
  - Swinject
  - SwinjectStoryboard

SPEC REPOS:
  https://github.com/CocoaPods/Specs:
    - Swinject
    - SwinjectStoryboard

EXTERNAL SOURCES:
  MyCocoapodsLibrary:
    :path: "../MyCocoapodsLibrary"

SPEC CHECKSUMS:
  MyCocoapodsLibrary: 0329ab33bdc3f6c70236bfd1e678cb81918f696b
  Swinject: ddf78b8486dd9b71a667b852cad919ab4484478e
  SwinjectStoryboard: 240ce371396da09a4c43c72ee5c148108500e184

PODFILE CHECKSUM: 62a952cea6a3d18d2fd2999f7dfbe6fa54118409

COCOAPODS: 1.11.3
