PODS:
  - Swinject (2.6.0)
  - SwinjectStoryboard (2.2.0):
    - Swinject (~> 2.6)

DEPENDENCIES:
  - Swinject
  - SwinjectStoryboard

SPEC REPOS:
  trunk:
    - Swinject
    - SwinjectStoryboard

SPEC CHECKSUMS:
  Swinject: 48a96cda93633cf2860697b4ce76ab5db9ebaca2
  SwinjectStoryboard: 32512ef16c2b0ff5b8f823b23539c4a50f6d3383

PODFILE CHECKSUM: 01d976ac8f7cd3232ceb19357ea79671a702e44b

COCOAPODS: 1.11.2
