// !$*UTF8*$!
{
	archiveVersion = 1;
	classes = {
	};
	objectVersion = 55;
	objects = {

/* Begin PBXBuildFile section */
		2898DC2F27E1D6C60066B1D7 /* DetailEditView.swift in Sources */ = {isa = PBXBuildFile; fileRef = 2898DC2E27E1D6C50066B1D7 /* DetailEditView.swift */; };
		2898DC3127E1DA2C0066B1D7 /* ThemeView.swift in Sources */ = {isa = PBXBuildFile; fileRef = 2898DC3027E1DA2C0066B1D7 /* ThemeView.swift */; };
		2898DC3327E1DA930066B1D7 /* ThemePicker.swift in Sources */ = {isa = PBXBuildFile; fileRef = 2898DC3227E1DA930066B1D7 /* ThemePicker.swift */; };
		2898DC3527E1E6B40066B1D7 /* TodoTimer.swift in Sources */ = {isa = PBXBuildFile; fileRef = 2898DC3427E1E6B40066B1D7 /* TodoTimer.swift */; };
		28C1A16227D89EC200C0462A /* NhaDoiOSApp.swift in Sources */ = {isa = PBXBuildFile; fileRef = 28C1A16127D89EC200C0462A /* NhaDoiOSApp.swift */; };
		28C1A16427D89EC200C0462A /* MeetingView.swift in Sources */ = {isa = PBXBuildFile; fileRef = 28C1A16327D89EC200C0462A /* MeetingView.swift */; };
		28C1A16627D89EC300C0462A /* Assets.xcassets in Resources */ = {isa = PBXBuildFile; fileRef = 28C1A16527D89EC300C0462A /* Assets.xcassets */; };
		28C1A16927D89EC300C0462A /* Preview Assets.xcassets in Resources */ = {isa = PBXBuildFile; fileRef = 28C1A16827D89EC300C0462A /* Preview Assets.xcassets */; };
		28C1A17327D89EC400C0462A /* NhaDoiOSTests.swift in Sources */ = {isa = PBXBuildFile; fileRef = 28C1A17227D89EC400C0462A /* NhaDoiOSTests.swift */; };
		28C1A17D27D89EC400C0462A /* NhaDoiOSUITests.swift in Sources */ = {isa = PBXBuildFile; fileRef = 28C1A17C27D89EC400C0462A /* NhaDoiOSUITests.swift */; };
		28C1A17F27D89EC400C0462A /* NhaDoiOSUITestsLaunchTests.swift in Sources */ = {isa = PBXBuildFile; fileRef = 28C1A17E27D89EC400C0462A /* NhaDoiOSUITestsLaunchTests.swift */; };
		28C1A18D27D8A71800C0462A /* Theme.swift in Sources */ = {isa = PBXBuildFile; fileRef = 28C1A18C27D8A71800C0462A /* Theme.swift */; };
		28C1A18F27D8A81C00C0462A /* Todo.swift in Sources */ = {isa = PBXBuildFile; fileRef = 28C1A18E27D8A81C00C0462A /* Todo.swift */; };
		28C1A19227D8A95500C0462A /* CardView.swift in Sources */ = {isa = PBXBuildFile; fileRef = 28C1A19127D8A95500C0462A /* CardView.swift */; };
		28C1A19527D8ABD300C0462A /* TodosView.swift in Sources */ = {isa = PBXBuildFile; fileRef = 28C1A19427D8ABD300C0462A /* TodosView.swift */; };
		28C1A19727D8B20D00C0462A /* DetailView.swift in Sources */ = {isa = PBXBuildFile; fileRef = 28C1A19627D8B20D00C0462A /* DetailView.swift */; };
/* End PBXBuildFile section */

/* Begin PBXContainerItemProxy section */
		28C1A16F27D89EC400C0462A /* PBXContainerItemProxy */ = {
			isa = PBXContainerItemProxy;
			containerPortal = 28C1A15627D89EC200C0462A /* Project object */;
			proxyType = 1;
			remoteGlobalIDString = 28C1A15D27D89EC200C0462A;
			remoteInfo = NhaDoiOS;
		};
		28C1A17927D89EC400C0462A /* PBXContainerItemProxy */ = {
			isa = PBXContainerItemProxy;
			containerPortal = 28C1A15627D89EC200C0462A /* Project object */;
			proxyType = 1;
			remoteGlobalIDString = 28C1A15D27D89EC200C0462A;
			remoteInfo = NhaDoiOS;
		};
/* End PBXContainerItemProxy section */

/* Begin PBXFileReference section */
		2898DC2E27E1D6C50066B1D7 /* DetailEditView.swift */ = {isa = PBXFileReference; fileEncoding = 4; lastKnownFileType = sourcecode.swift; path = DetailEditView.swift; sourceTree = "<group>"; };
		2898DC3027E1DA2C0066B1D7 /* ThemeView.swift */ = {isa = PBXFileReference; lastKnownFileType = sourcecode.swift; path = ThemeView.swift; sourceTree = "<group>"; };
		2898DC3227E1DA930066B1D7 /* ThemePicker.swift */ = {isa = PBXFileReference; lastKnownFileType = sourcecode.swift; path = ThemePicker.swift; sourceTree = "<group>"; };
		2898DC3427E1E6B40066B1D7 /* TodoTimer.swift */ = {isa = PBXFileReference; lastKnownFileType = sourcecode.swift; path = TodoTimer.swift; sourceTree = "<group>"; };
		28C1A15E27D89EC200C0462A /* NhaDoiOS.app */ = {isa = PBXFileReference; explicitFileType = wrapper.application; includeInIndex = 0; path = NhaDoiOS.app; sourceTree = BUILT_PRODUCTS_DIR; };
		28C1A16127D89EC200C0462A /* NhaDoiOSApp.swift */ = {isa = PBXFileReference; lastKnownFileType = sourcecode.swift; path = NhaDoiOSApp.swift; sourceTree = "<group>"; };
		28C1A16327D89EC200C0462A /* MeetingView.swift */ = {isa = PBXFileReference; lastKnownFileType = sourcecode.swift; path = MeetingView.swift; sourceTree = "<group>"; };
		28C1A16527D89EC300C0462A /* Assets.xcassets */ = {isa = PBXFileReference; lastKnownFileType = folder.assetcatalog; path = Assets.xcassets; sourceTree = "<group>"; };
		28C1A16827D89EC300C0462A /* Preview Assets.xcassets */ = {isa = PBXFileReference; lastKnownFileType = folder.assetcatalog; path = "Preview Assets.xcassets"; sourceTree = "<group>"; };
		28C1A16E27D89EC400C0462A /* NhaDoiOSTests.xctest */ = {isa = PBXFileReference; explicitFileType = wrapper.cfbundle; includeInIndex = 0; path = NhaDoiOSTests.xctest; sourceTree = BUILT_PRODUCTS_DIR; };
		28C1A17227D89EC400C0462A /* NhaDoiOSTests.swift */ = {isa = PBXFileReference; lastKnownFileType = sourcecode.swift; path = NhaDoiOSTests.swift; sourceTree = "<group>"; };
		28C1A17827D89EC400C0462A /* NhaDoiOSUITests.xctest */ = {isa = PBXFileReference; explicitFileType = wrapper.cfbundle; includeInIndex = 0; path = NhaDoiOSUITests.xctest; sourceTree = BUILT_PRODUCTS_DIR; };
		28C1A17C27D89EC400C0462A /* NhaDoiOSUITests.swift */ = {isa = PBXFileReference; lastKnownFileType = sourcecode.swift; path = NhaDoiOSUITests.swift; sourceTree = "<group>"; };
		28C1A17E27D89EC400C0462A /* NhaDoiOSUITestsLaunchTests.swift */ = {isa = PBXFileReference; lastKnownFileType = sourcecode.swift; path = NhaDoiOSUITestsLaunchTests.swift; sourceTree = "<group>"; };
		28C1A18C27D8A71800C0462A /* Theme.swift */ = {isa = PBXFileReference; lastKnownFileType = sourcecode.swift; path = Theme.swift; sourceTree = "<group>"; };
		28C1A18E27D8A81C00C0462A /* Todo.swift */ = {isa = PBXFileReference; lastKnownFileType = sourcecode.swift; path = Todo.swift; sourceTree = "<group>"; };
		28C1A19127D8A95500C0462A /* CardView.swift */ = {isa = PBXFileReference; lastKnownFileType = sourcecode.swift; path = CardView.swift; sourceTree = "<group>"; };
		28C1A19427D8ABD300C0462A /* TodosView.swift */ = {isa = PBXFileReference; lastKnownFileType = sourcecode.swift; path = TodosView.swift; sourceTree = "<group>"; };
		28C1A19627D8B20D00C0462A /* DetailView.swift */ = {isa = PBXFileReference; lastKnownFileType = sourcecode.swift; path = DetailView.swift; sourceTree = "<group>"; };
/* End PBXFileReference section */

/* Begin PBXFrameworksBuildPhase section */
		28C1A15B27D89EC200C0462A /* Frameworks */ = {
			isa = PBXFrameworksBuildPhase;
			buildActionMask = 2147483647;
			files = (
			);
			runOnlyForDeploymentPostprocessing = 0;
		};
		28C1A16B27D89EC400C0462A /* Frameworks */ = {
			isa = PBXFrameworksBuildPhase;
			buildActionMask = 2147483647;
			files = (
			);
			runOnlyForDeploymentPostprocessing = 0;
		};
		28C1A17527D89EC400C0462A /* Frameworks */ = {
			isa = PBXFrameworksBuildPhase;
			buildActionMask = 2147483647;
			files = (
			);
			runOnlyForDeploymentPostprocessing = 0;
		};
/* End PBXFrameworksBuildPhase section */

/* Begin PBXGroup section */
		28C1A15527D89EC200C0462A = {
			isa = PBXGroup;
			children = (
				28C1A16027D89EC200C0462A /* NhaDoiOS */,
				28C1A17127D89EC400C0462A /* NhaDoiOSTests */,
				28C1A17B27D89EC400C0462A /* NhaDoiOSUITests */,
				28C1A15F27D89EC200C0462A /* Products */,
			);
			sourceTree = "<group>";
		};
		28C1A15F27D89EC200C0462A /* Products */ = {
			isa = PBXGroup;
			children = (
				28C1A15E27D89EC200C0462A /* NhaDoiOS.app */,
				28C1A16E27D89EC400C0462A /* NhaDoiOSTests.xctest */,
				28C1A17827D89EC400C0462A /* NhaDoiOSUITests.xctest */,
			);
			name = Products;
			sourceTree = "<group>";
		};
		28C1A16027D89EC200C0462A /* NhaDoiOS */ = {
			isa = PBXGroup;
			children = (
				28C1A19027D8A94500C0462A /* Views */,
				28C1A18B27D8A6F200C0462A /* Models */,
				28C1A16127D89EC200C0462A /* NhaDoiOSApp.swift */,
				28C1A16527D89EC300C0462A /* Assets.xcassets */,
				28C1A16727D89EC300C0462A /* Preview Content */,
			);
			path = NhaDoiOS;
			sourceTree = "<group>";
		};
		28C1A16727D89EC300C0462A /* Preview Content */ = {
			isa = PBXGroup;
			children = (
				28C1A16827D89EC300C0462A /* Preview Assets.xcassets */,
			);
			path = "Preview Content";
			sourceTree = "<group>";
		};
		28C1A17127D89EC400C0462A /* NhaDoiOSTests */ = {
			isa = PBXGroup;
			children = (
				28C1A17227D89EC400C0462A /* NhaDoiOSTests.swift */,
			);
			path = NhaDoiOSTests;
			sourceTree = "<group>";
		};
		28C1A17B27D89EC400C0462A /* NhaDoiOSUITests */ = {
			isa = PBXGroup;
			children = (
				28C1A17C27D89EC400C0462A /* NhaDoiOSUITests.swift */,
				28C1A17E27D89EC400C0462A /* NhaDoiOSUITestsLaunchTests.swift */,
			);
			path = NhaDoiOSUITests;
			sourceTree = "<group>";
		};
		28C1A18B27D8A6F200C0462A /* Models */ = {
			isa = PBXGroup;
			children = (
				28C1A18C27D8A71800C0462A /* Theme.swift */,
				28C1A18E27D8A81C00C0462A /* Todo.swift */,
				2898DC3427E1E6B40066B1D7 /* TodoTimer.swift */,
			);
			path = Models;
			sourceTree = "<group>";
		};
		28C1A19027D8A94500C0462A /* Views */ = {
			isa = PBXGroup;
			children = (
				2898DC2E27E1D6C50066B1D7 /* DetailEditView.swift */,
				28C1A16327D89EC200C0462A /* MeetingView.swift */,
				28C1A19127D8A95500C0462A /* CardView.swift */,
				28C1A19427D8ABD300C0462A /* TodosView.swift */,
				28C1A19627D8B20D00C0462A /* DetailView.swift */,
				2898DC3027E1DA2C0066B1D7 /* ThemeView.swift */,
				2898DC3227E1DA930066B1D7 /* ThemePicker.swift */,
			);
			path = Views;
			sourceTree = "<group>";
		};
/* End PBXGroup section */

/* Begin PBXNativeTarget section */
		28C1A15D27D89EC200C0462A /* NhaDoiOS */ = {
			isa = PBXNativeTarget;
			buildConfigurationList = 28C1A18227D89EC400C0462A /* Build configuration list for PBXNativeTarget "NhaDoiOS" */;
			buildPhases = (
				28C1A15A27D89EC200C0462A /* Sources */,
				28C1A15B27D89EC200C0462A /* Frameworks */,
				28C1A15C27D89EC200C0462A /* Resources */,
			);
			buildRules = (
			);
			dependencies = (
			);
			name = NhaDoiOS;
			productName = NhaDoiOS;
			productReference = 28C1A15E27D89EC200C0462A /* NhaDoiOS.app */;
			productType = "com.apple.product-type.application";
		};
		28C1A16D27D89EC400C0462A /* NhaDoiOSTests */ = {
			isa = PBXNativeTarget;
			buildConfigurationList = 28C1A18527D89EC400C0462A /* Build configuration list for PBXNativeTarget "NhaDoiOSTests" */;
			buildPhases = (
				28C1A16A27D89EC400C0462A /* Sources */,
				28C1A16B27D89EC400C0462A /* Frameworks */,
				28C1A16C27D89EC400C0462A /* Resources */,
			);
			buildRules = (
			);
			dependencies = (
				28C1A17027D89EC400C0462A /* PBXTargetDependency */,
			);
			name = NhaDoiOSTests;
			productName = NhaDoiOSTests;
			productReference = 28C1A16E27D89EC400C0462A /* NhaDoiOSTests.xctest */;
			productType = "com.apple.product-type.bundle.unit-test";
		};
		28C1A17727D89EC400C0462A /* NhaDoiOSUITests */ = {
			isa = PBXNativeTarget;
			buildConfigurationList = 28C1A18827D89EC400C0462A /* Build configuration list for PBXNativeTarget "NhaDoiOSUITests" */;
			buildPhases = (
				28C1A17427D89EC400C0462A /* Sources */,
				28C1A17527D89EC400C0462A /* Frameworks */,
				28C1A17627D89EC400C0462A /* Resources */,
			);
			buildRules = (
			);
			dependencies = (
				28C1A17A27D89EC400C0462A /* PBXTargetDependency */,
			);
			name = NhaDoiOSUITests;
			productName = NhaDoiOSUITests;
			productReference = 28C1A17827D89EC400C0462A /* NhaDoiOSUITests.xctest */;
			productType = "com.apple.product-type.bundle.ui-testing";
		};
/* End PBXNativeTarget section */

/* Begin PBXProject section */
		28C1A15627D89EC200C0462A /* Project object */ = {
			isa = PBXProject;
			attributes = {
				BuildIndependentTargetsInParallel = 1;
				LastSwiftUpdateCheck = 1310;
				LastUpgradeCheck = 1310;
				TargetAttributes = {
					28C1A15D27D89EC200C0462A = {
						CreatedOnToolsVersion = 13.1;
					};
					28C1A16D27D89EC400C0462A = {
						CreatedOnToolsVersion = 13.1;
						TestTargetID = 28C1A15D27D89EC200C0462A;
					};
					28C1A17727D89EC400C0462A = {
						CreatedOnToolsVersion = 13.1;
						TestTargetID = 28C1A15D27D89EC200C0462A;
					};
				};
			};
			buildConfigurationList = 28C1A15927D89EC200C0462A /* Build configuration list for PBXProject "NhaDoiOS" */;
			compatibilityVersion = "Xcode 13.0";
			developmentRegion = en;
			hasScannedForEncodings = 0;
			knownRegions = (
				en,
				Base,
			);
			mainGroup = 28C1A15527D89EC200C0462A;
			productRefGroup = 28C1A15F27D89EC200C0462A /* Products */;
			projectDirPath = "";
			projectRoot = "";
			targets = (
				28C1A15D27D89EC200C0462A /* NhaDoiOS */,
				28C1A16D27D89EC400C0462A /* NhaDoiOSTests */,
				28C1A17727D89EC400C0462A /* NhaDoiOSUITests */,
			);
		};
/* End PBXProject section */

/* Begin PBXResourcesBuildPhase section */
		28C1A15C27D89EC200C0462A /* Resources */ = {
			isa = PBXResourcesBuildPhase;
			buildActionMask = 2147483647;
			files = (
				28C1A16927D89EC300C0462A /* Preview Assets.xcassets in Resources */,
				28C1A16627D89EC300C0462A /* Assets.xcassets in Resources */,
			);
			runOnlyForDeploymentPostprocessing = 0;
		};
		28C1A16C27D89EC400C0462A /* Resources */ = {
			isa = PBXResourcesBuildPhase;
			buildActionMask = 2147483647;
			files = (
			);
			runOnlyForDeploymentPostprocessing = 0;
		};
		28C1A17627D89EC400C0462A /* Resources */ = {
			isa = PBXResourcesBuildPhase;
			buildActionMask = 2147483647;
			files = (
			);
			runOnlyForDeploymentPostprocessing = 0;
		};
/* End PBXResourcesBuildPhase section */

/* Begin PBXSourcesBuildPhase section */
		28C1A15A27D89EC200C0462A /* Sources */ = {
			isa = PBXSourcesBuildPhase;
			buildActionMask = 2147483647;
			files = (
				28C1A18D27D8A71800C0462A /* Theme.swift in Sources */,
				2898DC3527E1E6B40066B1D7 /* TodoTimer.swift in Sources */,
				28C1A16427D89EC200C0462A /* MeetingView.swift in Sources */,
				28C1A16227D89EC200C0462A /* NhaDoiOSApp.swift in Sources */,
				2898DC3327E1DA930066B1D7 /* ThemePicker.swift in Sources */,
				2898DC2F27E1D6C60066B1D7 /* DetailEditView.swift in Sources */,
				28C1A19727D8B20D00C0462A /* DetailView.swift in Sources */,
				28C1A18F27D8A81C00C0462A /* Todo.swift in Sources */,
				28C1A19527D8ABD300C0462A /* TodosView.swift in Sources */,
				2898DC3127E1DA2C0066B1D7 /* ThemeView.swift in Sources */,
				28C1A19227D8A95500C0462A /* CardView.swift in Sources */,
			);
			runOnlyForDeploymentPostprocessing = 0;
		};
		28C1A16A27D89EC400C0462A /* Sources */ = {
			isa = PBXSourcesBuildPhase;
			buildActionMask = 2147483647;
			files = (
				28C1A17327D89EC400C0462A /* NhaDoiOSTests.swift in Sources */,
			);
			runOnlyForDeploymentPostprocessing = 0;
		};
		28C1A17427D89EC400C0462A /* Sources */ = {
			isa = PBXSourcesBuildPhase;
			buildActionMask = 2147483647;
			files = (
				28C1A17F27D89EC400C0462A /* NhaDoiOSUITestsLaunchTests.swift in Sources */,
				28C1A17D27D89EC400C0462A /* NhaDoiOSUITests.swift in Sources */,
			);
			runOnlyForDeploymentPostprocessing = 0;
		};
/* End PBXSourcesBuildPhase section */

/* Begin PBXTargetDependency section */
		28C1A17027D89EC400C0462A /* PBXTargetDependency */ = {
			isa = PBXTargetDependency;
			target = 28C1A15D27D89EC200C0462A /* NhaDoiOS */;
			targetProxy = 28C1A16F27D89EC400C0462A /* PBXContainerItemProxy */;
		};
		28C1A17A27D89EC400C0462A /* PBXTargetDependency */ = {
			isa = PBXTargetDependency;
			target = 28C1A15D27D89EC200C0462A /* NhaDoiOS */;
			targetProxy = 28C1A17927D89EC400C0462A /* PBXContainerItemProxy */;
		};
/* End PBXTargetDependency section */

/* Begin XCBuildConfiguration section */
		28C1A18027D89EC400C0462A /* Debug */ = {
			isa = XCBuildConfiguration;
			buildSettings = {
				ALWAYS_SEARCH_USER_PATHS = NO;
				CLANG_ANALYZER_NONNULL = YES;
				CLANG_ANALYZER_NUMBER_OBJECT_CONVERSION = YES_AGGRESSIVE;
				CLANG_CXX_LANGUAGE_STANDARD = "gnu++17";
				CLANG_CXX_LIBRARY = "libc++";
				CLANG_ENABLE_MODULES = YES;
				CLANG_ENABLE_OBJC_ARC = YES;
				CLANG_ENABLE_OBJC_WEAK = YES;
				CLANG_WARN_BLOCK_CAPTURE_AUTORELEASING = YES;
				CLANG_WARN_BOOL_CONVERSION = YES;
				CLANG_WARN_COMMA = YES;
				CLANG_WARN_CONSTANT_CONVERSION = YES;
				CLANG_WARN_DEPRECATED_OBJC_IMPLEMENTATIONS = YES;
				CLANG_WARN_DIRECT_OBJC_ISA_USAGE = YES_ERROR;
				CLANG_WARN_DOCUMENTATION_COMMENTS = YES;
				CLANG_WARN_EMPTY_BODY = YES;
				CLANG_WARN_ENUM_CONVERSION = YES;
				CLANG_WARN_INFINITE_RECURSION = YES;
				CLANG_WARN_INT_CONVERSION = YES;
				CLANG_WARN_NON_LITERAL_NULL_CONVERSION = YES;
				CLANG_WARN_OBJC_IMPLICIT_RETAIN_SELF = YES;
				CLANG_WARN_OBJC_LITERAL_CONVERSION = YES;
				CLANG_WARN_OBJC_ROOT_CLASS = YES_ERROR;
				CLANG_WARN_QUOTED_INCLUDE_IN_FRAMEWORK_HEADER = YES;
				CLANG_WARN_RANGE_LOOP_ANALYSIS = YES;
				CLANG_WARN_STRICT_PROTOTYPES = YES;
				CLANG_WARN_SUSPICIOUS_MOVE = YES;
				CLANG_WARN_UNGUARDED_AVAILABILITY = YES_AGGRESSIVE;
				CLANG_WARN_UNREACHABLE_CODE = YES;
				CLANG_WARN__DUPLICATE_METHOD_MATCH = YES;
				COPY_PHASE_STRIP = NO;
				DEBUG_INFORMATION_FORMAT = dwarf;
				ENABLE_STRICT_OBJC_MSGSEND = YES;
				ENABLE_TESTABILITY = YES;
				GCC_C_LANGUAGE_STANDARD = gnu11;
				GCC_DYNAMIC_NO_PIC = NO;
				GCC_NO_COMMON_BLOCKS = YES;
				GCC_OPTIMIZATION_LEVEL = 0;
				GCC_PREPROCESSOR_DEFINITIONS = (
					"DEBUG=1",
					"$(inherited)",
				);
				GCC_WARN_64_TO_32_BIT_CONVERSION = YES;
				GCC_WARN_ABOUT_RETURN_TYPE = YES_ERROR;
				GCC_WARN_UNDECLARED_SELECTOR = YES;
				GCC_WARN_UNINITIALIZED_AUTOS = YES_AGGRESSIVE;
				GCC_WARN_UNUSED_FUNCTION = YES;
				GCC_WARN_UNUSED_VARIABLE = YES;
				IPHONEOS_DEPLOYMENT_TARGET = 15.0;
				MTL_ENABLE_DEBUG_INFO = INCLUDE_SOURCE;
				MTL_FAST_MATH = YES;
				ONLY_ACTIVE_ARCH = YES;
				SDKROOT = iphoneos;
				SWIFT_ACTIVE_COMPILATION_CONDITIONS = DEBUG;
				SWIFT_OPTIMIZATION_LEVEL = "-Onone";
			};
			name = Debug;
		};
		28C1A18127D89EC400C0462A /* Release */ = {
			isa = XCBuildConfiguration;
			buildSettings = {
				ALWAYS_SEARCH_USER_PATHS = NO;
				CLANG_ANALYZER_NONNULL = YES;
				CLANG_ANALYZER_NUMBER_OBJECT_CONVERSION = YES_AGGRESSIVE;
				CLANG_CXX_LANGUAGE_STANDARD = "gnu++17";
				CLANG_CXX_LIBRARY = "libc++";
				CLANG_ENABLE_MODULES = YES;
				CLANG_ENABLE_OBJC_ARC = YES;
				CLANG_ENABLE_OBJC_WEAK = YES;
				CLANG_WARN_BLOCK_CAPTURE_AUTORELEASING = YES;
				CLANG_WARN_BOOL_CONVERSION = YES;
				CLANG_WARN_COMMA = YES;
				CLANG_WARN_CONSTANT_CONVERSION = YES;
				CLANG_WARN_DEPRECATED_OBJC_IMPLEMENTATIONS = YES;
				CLANG_WARN_DIRECT_OBJC_ISA_USAGE = YES_ERROR;
				CLANG_WARN_DOCUMENTATION_COMMENTS = YES;
				CLANG_WARN_EMPTY_BODY = YES;
				CLANG_WARN_ENUM_CONVERSION = YES;
				CLANG_WARN_INFINITE_RECURSION = YES;
				CLANG_WARN_INT_CONVERSION = YES;
				CLANG_WARN_NON_LITERAL_NULL_CONVERSION = YES;
				CLANG_WARN_OBJC_IMPLICIT_RETAIN_SELF = YES;
				CLANG_WARN_OBJC_LITERAL_CONVERSION = YES;
				CLANG_WARN_OBJC_ROOT_CLASS = YES_ERROR;
				CLANG_WARN_QUOTED_INCLUDE_IN_FRAMEWORK_HEADER = YES;
				CLANG_WARN_RANGE_LOOP_ANALYSIS = YES;
				CLANG_WARN_STRICT_PROTOTYPES = YES;
				CLANG_WARN_SUSPICIOUS_MOVE = YES;
				CLANG_WARN_UNGUARDED_AVAILABILITY = YES_AGGRESSIVE;
				CLANG_WARN_UNREACHABLE_CODE = YES;
				CLANG_WARN__DUPLICATE_METHOD_MATCH = YES;
				COPY_PHASE_STRIP = NO;
				DEBUG_INFORMATION_FORMAT = "dwarf-with-dsym";
				ENABLE_NS_ASSERTIONS = NO;
				ENABLE_STRICT_OBJC_MSGSEND = YES;
				GCC_C_LANGUAGE_STANDARD = gnu11;
				GCC_NO_COMMON_BLOCKS = YES;
				GCC_WARN_64_TO_32_BIT_CONVERSION = YES;
				GCC_WARN_ABOUT_RETURN_TYPE = YES_ERROR;
				GCC_WARN_UNDECLARED_SELECTOR = YES;
				GCC_WARN_UNINITIALIZED_AUTOS = YES_AGGRESSIVE;
				GCC_WARN_UNUSED_FUNCTION = YES;
				GCC_WARN_UNUSED_VARIABLE = YES;
				IPHONEOS_DEPLOYMENT_TARGET = 15.0;
				MTL_ENABLE_DEBUG_INFO = NO;
				MTL_FAST_MATH = YES;
				SDKROOT = iphoneos;
				SWIFT_COMPILATION_MODE = wholemodule;
				SWIFT_OPTIMIZATION_LEVEL = "-O";
				VALIDATE_PRODUCT = YES;
			};
			name = Release;
		};
		28C1A18327D89EC400C0462A /* Debug */ = {
			isa = XCBuildConfiguration;
			buildSettings = {
				ASSETCATALOG_COMPILER_APPICON_NAME = AppIcon;
				ASSETCATALOG_COMPILER_GLOBAL_ACCENT_COLOR_NAME = AccentColor;
				CODE_SIGN_STYLE = Automatic;
				CURRENT_PROJECT_VERSION = 1;
				DEVELOPMENT_ASSET_PATHS = "\"NhaDoiOS/Preview Content\"";
				ENABLE_PREVIEWS = YES;
				GENERATE_INFOPLIST_FILE = YES;
				INFOPLIST_KEY_UIApplicationSceneManifest_Generation = YES;
				INFOPLIST_KEY_UIApplicationSupportsIndirectInputEvents = YES;
				INFOPLIST_KEY_UILaunchScreen_Generation = YES;
				INFOPLIST_KEY_UISupportedInterfaceOrientations_iPad = "UIInterfaceOrientationPortrait UIInterfaceOrientationPortraitUpsideDown UIInterfaceOrientationLandscapeLeft UIInterfaceOrientationLandscapeRight";
				INFOPLIST_KEY_UISupportedInterfaceOrientations_iPhone = "UIInterfaceOrientationPortrait UIInterfaceOrientationLandscapeLeft UIInterfaceOrientationLandscapeRight";
				LD_RUNPATH_SEARCH_PATHS = (
					"$(inherited)",
					"@executable_path/Frameworks",
				);
				MARKETING_VERSION = 1.0;
				PRODUCT_BUNDLE_IDENTIFIER = com.example.NhaDoiOS;
				PRODUCT_NAME = "$(TARGET_NAME)";
				SWIFT_EMIT_LOC_STRINGS = YES;
				SWIFT_VERSION = 5.0;
				TARGETED_DEVICE_FAMILY = "1,2";
			};
			name = Debug;
		};
		28C1A18427D89EC400C0462A /* Release */ = {
			isa = XCBuildConfiguration;
			buildSettings = {
				ASSETCATALOG_COMPILER_APPICON_NAME = AppIcon;
				ASSETCATALOG_COMPILER_GLOBAL_ACCENT_COLOR_NAME = AccentColor;
				CODE_SIGN_STYLE = Automatic;
				CURRENT_PROJECT_VERSION = 1;
				DEVELOPMENT_ASSET_PATHS = "\"NhaDoiOS/Preview Content\"";
				ENABLE_PREVIEWS = YES;
				GENERATE_INFOPLIST_FILE = YES;
				INFOPLIST_KEY_UIApplicationSceneManifest_Generation = YES;
				INFOPLIST_KEY_UIApplicationSupportsIndirectInputEvents = YES;
				INFOPLIST_KEY_UILaunchScreen_Generation = YES;
				INFOPLIST_KEY_UISupportedInterfaceOrientations_iPad = "UIInterfaceOrientationPortrait UIInterfaceOrientationPortraitUpsideDown UIInterfaceOrientationLandscapeLeft UIInterfaceOrientationLandscapeRight";
				INFOPLIST_KEY_UISupportedInterfaceOrientations_iPhone = "UIInterfaceOrientationPortrait UIInterfaceOrientationLandscapeLeft UIInterfaceOrientationLandscapeRight";
				LD_RUNPATH_SEARCH_PATHS = (
					"$(inherited)",
					"@executable_path/Frameworks",
				);
				MARKETING_VERSION = 1.0;
				PRODUCT_BUNDLE_IDENTIFIER = com.example.NhaDoiOS;
				PRODUCT_NAME = "$(TARGET_NAME)";
				SWIFT_EMIT_LOC_STRINGS = YES;
				SWIFT_VERSION = 5.0;
				TARGETED_DEVICE_FAMILY = "1,2";
			};
			name = Release;
		};
		28C1A18627D89EC400C0462A /* Debug */ = {
			isa = XCBuildConfiguration;
			buildSettings = {
				ALWAYS_EMBED_SWIFT_STANDARD_LIBRARIES = YES;
				BUNDLE_LOADER = "$(TEST_HOST)";
				CODE_SIGN_STYLE = Automatic;
				CURRENT_PROJECT_VERSION = 1;
				GENERATE_INFOPLIST_FILE = YES;
				IPHONEOS_DEPLOYMENT_TARGET = 15.0;
				LD_RUNPATH_SEARCH_PATHS = (
					"$(inherited)",
					"@executable_path/Frameworks",
					"@loader_path/Frameworks",
				);
				MARKETING_VERSION = 1.0;
				PRODUCT_BUNDLE_IDENTIFIER = com.example.NhaDoiOSTests;
				PRODUCT_NAME = "$(TARGET_NAME)";
				SWIFT_EMIT_LOC_STRINGS = NO;
				SWIFT_VERSION = 5.0;
				TARGETED_DEVICE_FAMILY = "1,2";
				TEST_HOST = "$(BUILT_PRODUCTS_DIR)/NhaDoiOS.app/NhaDoiOS";
			};
			name = Debug;
		};
		28C1A18727D89EC400C0462A /* Release */ = {
			isa = XCBuildConfiguration;
			buildSettings = {
				ALWAYS_EMBED_SWIFT_STANDARD_LIBRARIES = YES;
				BUNDLE_LOADER = "$(TEST_HOST)";
				CODE_SIGN_STYLE = Automatic;
				CURRENT_PROJECT_VERSION = 1;
				GENERATE_INFOPLIST_FILE = YES;
				IPHONEOS_DEPLOYMENT_TARGET = 15.0;
				LD_RUNPATH_SEARCH_PATHS = (
					"$(inherited)",
					"@executable_path/Frameworks",
					"@loader_path/Frameworks",
				);
				MARKETING_VERSION = 1.0;
				PRODUCT_BUNDLE_IDENTIFIER = com.example.NhaDoiOSTests;
				PRODUCT_NAME = "$(TARGET_NAME)";
				SWIFT_EMIT_LOC_STRINGS = NO;
				SWIFT_VERSION = 5.0;
				TARGETED_DEVICE_FAMILY = "1,2";
				TEST_HOST = "$(BUILT_PRODUCTS_DIR)/NhaDoiOS.app/NhaDoiOS";
			};
			name = Release;
		};
		28C1A18927D89EC400C0462A /* Debug */ = {
			isa = XCBuildConfiguration;
			buildSettings = {
				ALWAYS_EMBED_SWIFT_STANDARD_LIBRARIES = YES;
				CODE_SIGN_STYLE = Automatic;
				CURRENT_PROJECT_VERSION = 1;
				GENERATE_INFOPLIST_FILE = YES;
				LD_RUNPATH_SEARCH_PATHS = (
					"$(inherited)",
					"@executable_path/Frameworks",
					"@loader_path/Frameworks",
				);
				MARKETING_VERSION = 1.0;
				PRODUCT_BUNDLE_IDENTIFIER = com.example.NhaDoiOSUITests;
				PRODUCT_NAME = "$(TARGET_NAME)";
				SWIFT_EMIT_LOC_STRINGS = NO;
				SWIFT_VERSION = 5.0;
				TARGETED_DEVICE_FAMILY = "1,2";
				TEST_TARGET_NAME = NhaDoiOS;
			};
			name = Debug;
		};
		28C1A18A27D89EC400C0462A /* Release */ = {
			isa = XCBuildConfiguration;
			buildSettings = {
				ALWAYS_EMBED_SWIFT_STANDARD_LIBRARIES = YES;
				CODE_SIGN_STYLE = Automatic;
				CURRENT_PROJECT_VERSION = 1;
				GENERATE_INFOPLIST_FILE = YES;
				LD_RUNPATH_SEARCH_PATHS = (
					"$(inherited)",
					"@executable_path/Frameworks",
					"@loader_path/Frameworks",
				);
				MARKETING_VERSION = 1.0;
				PRODUCT_BUNDLE_IDENTIFIER = com.example.NhaDoiOSUITests;
				PRODUCT_NAME = "$(TARGET_NAME)";
				SWIFT_EMIT_LOC_STRINGS = NO;
				SWIFT_VERSION = 5.0;
				TARGETED_DEVICE_FAMILY = "1,2";
				TEST_TARGET_NAME = NhaDoiOS;
			};
			name = Release;
		};
/* End XCBuildConfiguration section */

/* Begin XCConfigurationList section */
		28C1A15927D89EC200C0462A /* Build configuration list for PBXProject "NhaDoiOS" */ = {
			isa = XCConfigurationList;
			buildConfigurations = (
				28C1A18027D89EC400C0462A /* Debug */,
				28C1A18127D89EC400C0462A /* Release */,
			);
			defaultConfigurationIsVisible = 0;
			defaultConfigurationName = Release;
		};
		28C1A18227D89EC400C0462A /* Build configuration list for PBXNativeTarget "NhaDoiOS" */ = {
			isa = XCConfigurationList;
			buildConfigurations = (
				28C1A18327D89EC400C0462A /* Debug */,
				28C1A18427D89EC400C0462A /* Release */,
			);
			defaultConfigurationIsVisible = 0;
			defaultConfigurationName = Release;
		};
		28C1A18527D89EC400C0462A /* Build configuration list for PBXNativeTarget "NhaDoiOSTests" */ = {
			isa = XCConfigurationList;
			buildConfigurations = (
				28C1A18627D89EC400C0462A /* Debug */,
				28C1A18727D89EC400C0462A /* Release */,
			);
			defaultConfigurationIsVisible = 0;
			defaultConfigurationName = Release;
		};
		28C1A18827D89EC400C0462A /* Build configuration list for PBXNativeTarget "NhaDoiOSUITests" */ = {
			isa = XCConfigurationList;
			buildConfigurations = (
				28C1A18927D89EC400C0462A /* Debug */,
				28C1A18A27D89EC400C0462A /* Release */,
			);
			defaultConfigurationIsVisible = 0;
			defaultConfigurationName = Release;
		};
/* End XCConfigurationList section */
	};
	rootObject = 28C1A15627D89EC200C0462A /* Project object */;
}
